
Microsoft Visual Studio Solution File, Format Version 12.00
# Visual Studio Version 17
VisualStudioVersion = 17.12.35707.178
MinimumVisualStudioVersion = 10.0.40219.1
Project("{FAE04EC0-301F-11D3-BF4B-00C04F79EFBC}") = "EasyTime", "EasyTime\EasyTime.csproj", "{687BF540-D7C0-4751-9948-99F2C86A703F}"
EndProject
Project("{FAE04EC0-301F-11D3-BF4B-00C04F79EFBC}") = "UnitTests", "UnitTests\UnitTests.csproj", "{05534DD4-A512-4835-868F-2ECF8FFC336C}"
EndProject
Project("{2150E333-8FDC-42A3-9474-1A3956D46DE8}") = "Solution Items", "Solution Items", "{18917178-077A-43B6-BED7-688BE71F22F4}"
	ProjectSection(SolutionItems) = preProject
		.gitignore = .gitignore
		.github\workflows\easytime-pipeline.yml = .github\workflows\easytime-pipeline.yml
	EndProjectSection
EndProject
Global
	GlobalSection(SolutionConfigurationPlatforms) = preSolution
		Debug|Any CPU = Debug|Any CPU
		Release|Any CPU = Release|Any CPU
	EndGlobalSection
	GlobalSection(ProjectConfigurationPlatforms) = postSolution
		{687BF540-D7C0-4751-9948-99F2C86A703F}.Debug|Any CPU.ActiveCfg = Debug|Any CPU
		{687BF540-D7C0-4751-9948-99F2C86A703F}.Debug|Any CPU.Build.0 = Debug|Any CPU
		{687BF540-D7C0-4751-9948-99F2C86A703F}.Release|Any CPU.ActiveCfg = Release|Any CPU
		{687BF540-D7C0-4751-9948-99F2C86A703F}.Release|Any CPU.Build.0 = Release|Any CPU
		{05534DD4-A512-4835-868F-2ECF8FFC336C}.Debug|Any CPU.ActiveCfg = Debug|Any CPU
		{05534DD4-A512-4835-868F-2ECF8FFC336C}.Debug|Any CPU.Build.0 = Debug|Any CPU
		{05534DD4-A512-4835-868F-2ECF8FFC336C}.Release|Any CPU.ActiveCfg = Release|Any CPU
		{05534DD4-A512-4835-868F-2ECF8FFC336C}.Release|Any CPU.Build.0 = Release|Any CPU
	EndGlobalSection
	GlobalSection(SolutionProperties) = preSolution
		HideSolutionNode = FALSE
	EndGlobalSection
EndGlobal
